
Microsoft Visual Studio Solution File, Format Version 12.00
# Visual Studio Version 16
VisualStudioVersion = 16.0.32126.315
MinimumVisualStudioVersion = 10.0.40219.1
Project("{FAE04EC0-301F-11D3-BF4B-00C04F79EFBC}") = "PassionProject", "PassionProject\PassionProject.csproj", "{131A1CDD-1DC4-4FD1-B1F4-0CDDD2A1C371}"
EndProject
Global
	GlobalSection(SolutionConfigurationPlatforms) = preSolution
		Debug|Any CPU = Debug|Any CPU
		Release|Any CPU = Release|Any CPU
	EndGlobalSection
	GlobalSection(ProjectConfigurationPlatforms) = postSolution
		{131A1CDD-1DC4-4FD1-B1F4-0CDDD2A1C371}.Debug|Any CPU.ActiveCfg = Debug|Any CPU
		{131A1CDD-1DC4-4FD1-B1F4-0CDDD2A1C371}.Debug|Any CPU.Build.0 = Debug|Any CPU
		{131A1CDD-1DC4-4FD1-B1F4-0CDDD2A1C371}.Release|Any CPU.ActiveCfg = Release|Any CPU
		{131A1CDD-1DC4-4FD1-B1F4-0CDDD2A1C371}.Release|Any CPU.Build.0 = Release|Any CPU
	EndGlobalSection
	GlobalSection(SolutionProperties) = preSolution
		HideSolutionNode = FALSE
	EndGlobalSection
	GlobalSection(ExtensibilityGlobals) = postSolution
		SolutionGuid = {14A128A1-2A43-4A8A-89D9-842D507C5897}
	EndGlobalSection
EndGlobal
